
Microsoft Visual Studio Solution File, Format Version 11.00
# Visual Studio 2010
Project("{FAE04EC0-301F-11D3-BF4B-00C04F79EFBC}") = "dTray", "dTray\dTray.csproj", "{A814CE09-B2B7-4875-9C33-F68943B81711}"
EndProject
Project("{2150E333-8FDC-42A3-9474-1A3956D46DE8}") = "MainTray", "MainTray", "{BCB66882-8F80-4A57-9DCF-2A9C77E02EA1}"
EndProject
Project("{FAE04EC0-301F-11D3-BF4B-00C04F79EFBC}") = "PanelPlugins", "PanelPlugins\PanelPlugins.csproj", "{F7B380A6-5AC3-4925-A894-A2E36B40C228}"
EndProject
Global
	GlobalSection(SolutionConfigurationPlatforms) = preSolution
		Debug|Any CPU = Debug|Any CPU
		Debug|Mixed Platforms = Debug|Mixed Platforms
		Debug|x86 = Debug|x86
		Release|Any CPU = Release|Any CPU
		Release|Mixed Platforms = Release|Mixed Platforms
		Release|x86 = Release|x86
	EndGlobalSection
	GlobalSection(ProjectConfigurationPlatforms) = postSolution
		{A814CE09-B2B7-4875-9C33-F68943B81711}.Debug|Any CPU.ActiveCfg = Debug|x86
		{A814CE09-B2B7-4875-9C33-F68943B81711}.Debug|Mixed Platforms.ActiveCfg = Debug|x86
		{A814CE09-B2B7-4875-9C33-F68943B81711}.Debug|Mixed Platforms.Build.0 = Debug|x86
		{A814CE09-B2B7-4875-9C33-F68943B81711}.Debug|x86.ActiveCfg = Debug|x86
		{A814CE09-B2B7-4875-9C33-F68943B81711}.Debug|x86.Build.0 = Debug|x86
		{A814CE09-B2B7-4875-9C33-F68943B81711}.Release|Any CPU.ActiveCfg = Release|x86
		{A814CE09-B2B7-4875-9C33-F68943B81711}.Release|Mixed Platforms.ActiveCfg = Release|x86
		{A814CE09-B2B7-4875-9C33-F68943B81711}.Release|Mixed Platforms.Build.0 = Release|x86
		{A814CE09-B2B7-4875-9C33-F68943B81711}.Release|x86.ActiveCfg = Release|x86
		{A814CE09-B2B7-4875-9C33-F68943B81711}.Release|x86.Build.0 = Release|x86
		{F7B380A6-5AC3-4925-A894-A2E36B40C228}.Debug|Any CPU.ActiveCfg = Debug|Any CPU
		{F7B380A6-5AC3-4925-A894-A2E36B40C228}.Debug|Any CPU.Build.0 = Debug|Any CPU
		{F7B380A6-5AC3-4925-A894-A2E36B40C228}.Debug|Mixed Platforms.ActiveCfg = Debug|Any CPU
		{F7B380A6-5AC3-4925-A894-A2E36B40C228}.Debug|Mixed Platforms.Build.0 = Debug|Any CPU
		{F7B380A6-5AC3-4925-A894-A2E36B40C228}.Debug|x86.ActiveCfg = Debug|Any CPU
		{F7B380A6-5AC3-4925-A894-A2E36B40C228}.Release|Any CPU.ActiveCfg = Release|Any CPU
		{F7B380A6-5AC3-4925-A894-A2E36B40C228}.Release|Any CPU.Build.0 = Release|Any CPU
		{F7B380A6-5AC3-4925-A894-A2E36B40C228}.Release|Mixed Platforms.ActiveCfg = Release|Any CPU
		{F7B380A6-5AC3-4925-A894-A2E36B40C228}.Release|Mixed Platforms.Build.0 = Release|Any CPU
		{F7B380A6-5AC3-4925-A894-A2E36B40C228}.Release|x86.ActiveCfg = Release|Any CPU
	EndGlobalSection
	GlobalSection(SolutionProperties) = preSolution
		HideSolutionNode = FALSE
	EndGlobalSection
	GlobalSection(NestedProjects) = preSolution
		{A814CE09-B2B7-4875-9C33-F68943B81711} = {BCB66882-8F80-4A57-9DCF-2A9C77E02EA1}
		{F7B380A6-5AC3-4925-A894-A2E36B40C228} = {BCB66882-8F80-4A57-9DCF-2A9C77E02EA1}
	EndGlobalSection
EndGlobal
